
Microsoft Visual Studio Solution File, Format Version 12.00
# Visual Studio 15
VisualStudioVersion = 15.0.28307.168
MinimumVisualStudioVersion = 10.0.40219.1
Project("{FAE04EC0-301F-11D3-BF4B-00C04F79EFBC}") = "StateMgmtExample", "StateMgmtExample\StateMgmtExample.csproj", "{52908B6C-8E3B-47AA-BBC2-F2A66A9452AD}"
EndProject
Global
	GlobalSection(SolutionConfigurationPlatforms) = preSolution
		Debug|Any CPU = Debug|Any CPU
		Release|Any CPU = Release|Any CPU
	EndGlobalSection
	GlobalSection(ProjectConfigurationPlatforms) = postSolution
		{52908B6C-8E3B-47AA-BBC2-F2A66A9452AD}.Debug|Any CPU.ActiveCfg = Debug|Any CPU
		{52908B6C-8E3B-47AA-BBC2-F2A66A9452AD}.Debug|Any CPU.Build.0 = Debug|Any CPU
		{52908B6C-8E3B-47AA-BBC2-F2A66A9452AD}.Release|Any CPU.ActiveCfg = Release|Any CPU
		{52908B6C-8E3B-47AA-BBC2-F2A66A9452AD}.Release|Any CPU.Build.0 = Release|Any CPU
	EndGlobalSection
	GlobalSection(SolutionProperties) = preSolution
		HideSolutionNode = FALSE
	EndGlobalSection
	GlobalSection(ExtensibilityGlobals) = postSolution
		SolutionGuid = {BABBE146-C010-4B9A-AB5B-88B9D7AC4757}
	EndGlobalSection
EndGlobal
